<?xml version="1.0" encoding="utf-8"?>
<Project ToolsVersion="4.0" xmlns="http://schemas.microsoft.com/developer/msbuild/2003">
  <ItemGroup>
    <Filter Include="Source Files">
      <UniqueIdentifier>{4FC737F1-C7A5-4376-A066-2A32D752A2FF}</UniqueIdentifier>
      <Extensions>cpp;c;cc;cxx;def;odl;idl;hpj;bat;asm;asmx</Extensions>
    </Filter>
    <Filter Include="Header Files">
      <UniqueIdentifier>{93995380-89BD-4b04-88EB-625FBE52EBFB}</UniqueIdentifier>
      <Extensions>h;hh;hpp;hxx;hm;inl;inc;ipp;xsd</Extensions>
    </Filter>
    <Filter Include="Resource Files">
      <UniqueIdentifier>{67DA6AB6-F800-4c08-8B7A-83BB121AAD01}</UniqueIdentifier>
      <Extensions>rc;ico;cur;bmp;dlg;rc2;rct;bin;rgs;gif;jpg;jpeg;jpe;resx;tiff;tif;png;wav;mfcribbon-ms</Extensions>
    </Filter>
    <Filter Include="Header Files\Menus">
      <UniqueIdentifier>{54a88a35-f2c2-4901-b571-150dd4f9ace1}</UniqueIdentifier>
    </Filter>
    <Filter Include="Source Files\Menus">
      <UniqueIdentifier>{d6683d60-5285-46e1-adb1-291fa9c05f6a}</UniqueIdentifier>
    </Filter>
    <Filter Include="Header Files\Containers">
      <UniqueIdentifier>{ff0d552a-47a7-40d4-8376-764c1f1f32e1}</UniqueIdentifier>
    </Filter>
    <Filter Include="Header Files\Containers\StorageContainer">
      <UniqueIdentifier>{abeffa5b-b84a-4630-8743-4931320844ca}</UniqueIdentifier>
    </Filter>
    <Filter Include="Header Files\HelperClasses">
      <UniqueIdentifier>{cbe85486-fd3b-4674-9bf9-88242645ba77}</UniqueIdentifier>
    </Filter>
    <Filter Include="Header Files\DroppableObjects">
      <UniqueIdentifier>{6c01c375-91bd-474c-983e-901d7e65f3ce}</UniqueIdentifier>
    </Filter>
    <Filter Include="Header Files\GridObjects">
      <UniqueIdentifier>{b9feae6f-5849-4f4b-93e4-b9c1e2bf0d88}</UniqueIdentifier>
    </Filter>
    <Filter Include="Header Files\HelperFunctions">
      <UniqueIdentifier>{3bef7369-d5aa-44fc-a340-960ca5b7ab32}</UniqueIdentifier>
    </Filter>
    <Filter Include="Source Files\Containers">
      <UniqueIdentifier>{fc7d590e-6bb7-4be7-9b27-c0e498fea4dc}</UniqueIdentifier>
    </Filter>
    <Filter Include="Source Files\Containers\StorageContainer">
      <UniqueIdentifier>{7ab58be3-6fe2-4fe5-ae18-e13c5d311ed3}</UniqueIdentifier>
    </Filter>
    <Filter Include="Source Files\HelperClasses">
      <UniqueIdentifier>{de02bd1e-0553-40ac-b576-7fe438a7af9c}</UniqueIdentifier>
    </Filter>
    <Filter Include="Source Files\DroppableObjects">
      <UniqueIdentifier>{78ed8973-5498-4db9-88ca-396d5b972713}</UniqueIdentifier>
    </Filter>
    <Filter Include="Source Files\GridObjects">
      <UniqueIdentifier>{929fa3b5-f8a9-4ba4-a40f-9c7f20922f81}</UniqueIdentifier>
    </Filter>
    <Filter Include="Source Files\HelperFunctions">
      <UniqueIdentifier>{5cb39611-b573-4d1f-9f36-a3ab684ae90a}</UniqueIdentifier>
    </Filter>
    <Filter Include="Header Files\GameObject">
      <UniqueIdentifier>{07d31812-ca7a-4d02-af00-8181f05971ce}</UniqueIdentifier>
    </Filter>
    <Filter Include="Source Files\GameObject">
      <UniqueIdentifier>{9a19e792-b321-4838-97bf-18a0c1bf0211}</UniqueIdentifier>
    </Filter>
    <Filter Include="Header Files\Menus\BaseMenu">
      <UniqueIdentifier>{2ff4c745-66ab-44ce-abd4-66edce535cbd}</UniqueIdentifier>
    </Filter>
    <Filter Include="Source Files\Menus\BaseMenu">
      <UniqueIdentifier>{76444b04-732f-440a-b983-f892937e6faf}</UniqueIdentifier>
    </Filter>
    <Filter Include="Source Files\Tests">
      <UniqueIdentifier>{a0131e09-1572-4c55-8504-20d46d0430cc}</UniqueIdentifier>
    </Filter>
    <Filter Include="Source Files\Tests\TileTests">
      <UniqueIdentifier>{70066ade-ad75-4bb8-ab97-d46ca3dc8a18}</UniqueIdentifier>
    </Filter>
    <Filter Include="Source Files\Tests\HeapTests">
      <UniqueIdentifier>{fe48c5d7-c022-4347-b54c-96c7c45bc195}</UniqueIdentifier>
    </Filter>
    <Filter Include="Source Files\Tests\StorageContainerTests">
      <UniqueIdentifier>{93edc6ce-fbdd-4c94-890f-3ac22ea509e2}</UniqueIdentifier>
    </Filter>
    <Filter Include="Header Files\Menus\Buttons">
      <UniqueIdentifier>{2b409101-b689-4333-9b80-2ec904b52b77}</UniqueIdentifier>
    </Filter>
    <Filter Include="Source Files\Menus\Buttons">
      <UniqueIdentifier>{10cf8de9-1441-47ef-b80c-f0060e696970}</UniqueIdentifier>
    </Filter>
    <Filter Include="Header Files\Menus\Buttons\BaseButton">
      <UniqueIdentifier>{77804a12-132c-4cb7-a823-7e8ab9450941}</UniqueIdentifier>
    </Filter>
    <Filter Include="Source Files\Menus\Buttons\BaseButton">
      <UniqueIdentifier>{be36a2b6-197b-4714-81bd-a893697ff4cd}</UniqueIdentifier>
    </Filter>
  </ItemGroup>
  <ItemGroup>
    <ClCompile Include="main.cpp">
      <Filter>Source Files</Filter>
    </ClCompile>
    <ClCompile Include="MenuButton.cpp">
      <Filter>Source Files\Menus</Filter>
    </ClCompile>
    <ClCompile Include="Organism.cpp">
      <Filter>Source Files\Containers</Filter>
    </ClCompile>
    <ClCompile Include="StorageContainer.cpp">
      <Filter>Source Files\Containers\StorageContainer</Filter>
    </ClCompile>
    <ClCompile Include="Heap.cpp">
      <Filter>Source Files\HelperClasses</Filter>
    </ClCompile>
    <ClCompile Include="MapCSVExporter.cpp">
      <Filter>Source Files\HelperClasses</Filter>
    </ClCompile>
    <ClCompile Include="Item.cpp">
      <Filter>Source Files\DroppableObjects</Filter>
    </ClCompile>
    <ClCompile Include="Tile.cpp">
      <Filter>Source Files\GridObjects</Filter>
    </ClCompile>
    <ClCompile Include="commonFunctions.cpp">
      <Filter>Source Files\HelperFunctions</Filter>
    </ClCompile>
    <ClCompile Include="Game.cpp">
      <Filter>Source Files\GameObject</Filter>
    </ClCompile>
    <ClCompile Include="baseMenu.cpp">
      <Filter>Source Files\Menus\BaseMenu</Filter>
    </ClCompile>
    <ClCompile Include="BasicButton.cpp">
      <Filter>Source Files\Menus\Buttons</Filter>
    </ClCompile>
    <ClCompile Include="Test.cpp">
      <Filter>Source Files\Tests</Filter>
    </ClCompile>
    <ClCompile Include="BaseButton.cpp">
      <Filter>Source Files\Menus\Buttons\BaseButton</Filter>
    </ClCompile>
  </ItemGroup>
  <ItemGroup>
    <ClInclude Include="windowMenu.h">
      <Filter>Header Files\Menus</Filter>
    </ClInclude>
    <ClInclude Include="MenuButton.h">
      <Filter>Header Files\Menus</Filter>
    </ClInclude>
    <ClInclude Include="Organism.h">
      <Filter>Header Files\Containers</Filter>
    </ClInclude>
    <ClInclude Include="StorageContainer.h">
      <Filter>Header Files\Containers\StorageContainer</Filter>
    </ClInclude>
    <ClInclude Include="Heap.h">
      <Filter>Header Files\HelperClasses</Filter>
    </ClInclude>
    <ClInclude Include="MapCSVExporter.h">
      <Filter>Header Files\HelperClasses</Filter>
    </ClInclude>
    <ClInclude Include="Item.h">
      <Filter>Header Files\DroppableObjects</Filter>
    </ClInclude>
    <ClInclude Include="Tile.h">
      <Filter>Header Files\GridObjects</Filter>
    </ClInclude>
    <ClInclude Include="commonFunctions.h">
      <Filter>Header Files\HelperFunctions</Filter>
    </ClInclude>
    <ClInclude Include="Game.h">
      <Filter>Header Files\GameObject</Filter>
    </ClInclude>
    <ClInclude Include="baseMenu.h">
      <Filter>Header Files\Menus\BaseMenu</Filter>
    </ClInclude>
    <ClInclude Include="BasicButton.h">
      <Filter>Header Files\Menus\Buttons</Filter>
    </ClInclude>
    <ClInclude Include="BaseButton.h">
      <Filter>Header Files\Menus\Buttons\BaseButton</Filter>
    </ClInclude>
  </ItemGroup>
</Project>